{
  "version": 4,
  "terraform_version": "1.6.6",
  "serial": 5,
  "lineage": "250c2682-2a52-aef8-d964-339d578cd80d",
  "outputs": {},
  "resources": [
    {
      "mode": "managed",
      "type": "newrelic_alert_policy",
      "name": "yashika_nrql",
      "provider": "provider[\"registry.terraform.io/newrelic/newrelic\"]",
      "instances": [
        {
          "schema_version": 0,
          "attributes": {
            "account_id": 4268611,
            "channel_ids": null,
            "id": "1274088",
            "incident_preference": "PER_POLICY",
            "name": "Yashika"
          },
          "sensitive_attributes": [],
          "private": "bnVsbA=="
        }
      ]
    }
  ],
  "check_results": null
}
